{
    "_readme": [
        "This file locks the dependencies of your project to a known state",
        "Read more about it at https://getcomposer.org/doc/01-basic-usage.md#installing-dependencies",
        "This file is @generated automatically"
    ],
    "content-hash": "25c02e7d02128e2aa63ea00f6b1d5f26",
    "packages": [
        {
            "name": "spatie/once",
            "version": "2.2.0",
            "source": {
                "type": "git",
                "url": "https://github.com/spatie/once.git",
                "reference": "6d4a379546684043c225b9a96d8ced7b8a84b889"
            },
            "dist": {
                "type": "zip",
                "url": "https://api.github.com/repos/spatie/once/zipball/6d4a379546684043c225b9a96d8ced7b8a84b889",
                "reference": "6d4a379546684043c225b9a96d8ced7b8a84b889",
                "shasum": ""
            },
            "require": {
                "php": "^7.2"
            },
            "require-dev": {
                "larapack/dd": "^1.1",
                "phpunit/phpunit": "^8.0"
            },
            "type": "library",
            "autoload": {
                "psr-4": {
                    "Spatie\\Once\\": "src"
                },
                "files": [
                    "src/functions.php"
                ]
            },
            "notification-url": "https://packagist.org/downloads/",
            "license": [
                "MIT"
            ],
            "authors": [
                {
                    "name": "Freek Van der Herten",
                    "email": "freek@spatie.be",
                    "homepage": "https://spatie.be",
                    "role": "Developer"
                }
            ],
            "description": "A magic memoization function",
            "homepage": "https://github.com/spatie/once",
            "keywords": [
                "cache",
                "callable",
                "memozation",
                "once",
                "spatie"
            ],
            "time": "2020-02-18T15:10:38+00:00"
        }
    ],
    "packages-dev": [],
    "aliases": [],
    "minimum-stability": "stable",
    "stability-flags": [],
    "prefer-stable": false,
    "prefer-lowest": false,
    "platform": {
        "php": ">=7.0",
        "ext-mbstring": "*",
        "ext-pgsql": "*"
    },
    "platform-dev": []
}
